{
  "nodes": {
    "flake-utils": {
      "inputs": {
        "systems": "systems"
      },
      "locked": {
        "lastModified": 1731533236,
        "narHash": "sha256-l0KFg5HjrsfsO/JpG+r7fRrqm12kzFHyUHqHCVpMMbI=",
        "owner": "numtide",
        "repo": "flake-utils",
        "rev": "11707dc2f618dd54ca8739b309ec4fc024de578b",
        "type": "github"
      },
      "original": {
        "owner": "numtide",
        "repo": "flake-utils",
        "type": "github"
      }
    },
    "nixpkgs": {
      "locked": {
        "lastModified": 1791426274,
        "narHash": "sha256-MWhktfFtFE8Jl7bf9Pkp7TR5MSdYCjCswSo0Gkb4ywc=",
        "owner": "NixOS",
        "repo": "nixpkgs",
        "rev": "7c8764b7c7b09b34f632464276218ef9090eaa11",
        "type": "github"
      },
      "original": {
        "owner": "NixOS",
        "ref": "nixos-26.05",
        "repo": "nixpkgs",
        "type": "github"
      }
    },
    "nixpkgs-swift": {
      "locked": {
        "lastModified": 1791456040,
        "narHash": "sha256-H83yz/do+hjOO0uujHyH8RgtIQP2v7Mw+cLwcZK/xKc=",
        "owner": "NixOS",
        "repo": "nixpkgs",
        "rev": "e7439b6b14ad3cc35d05608ebca9bce01a25f5f8",
        "type": "github"
      },
      "original": {
        "owner": "NixOS",
        "ref": "nixos-unstable",
        "repo": "nixpkgs",
        "type": "github"
      }
    },
    "root": {
      "inputs": {
        "flake-utils": "flake-utils",
        "nixpkgs": "nixpkgs",
        "nixpkgs-swift": "nixpkgs-swift",
        "rust-overlay": "rust-overlay",
        "tabular-center-fmt": "tabular-center-fmt",
        "tabular-center-kotlin": "tabular-center-kotlin",
        "tabular-center-rust": "tabular-center-rust",
        "tabular-center-swift": "tabular-center-swift"
      }
    },
    "rust-overlay": {
      "inputs": {
        "nixpkgs": [
          "nixpkgs"
        ]
      },
      "locked": {
        "lastModified": 1791620365,
        "narHash": "sha256-CVZXIDNw7HEwyD8X6q9Ln370Sc0ZqRlTzDRwOZ1hJMY=",
        "owner": "oxalica",
        "repo": "rust-overlay",
        "rev": "e90fafa71b440fabcd52dd7fb017ab2da81c781a",
        "type": "github"
      },
      "original": {
        "owner": "oxalica",
        "repo": "rust-overlay",
        "type": "github"
      }
    },
    "systems": {
      "locked": {
        "lastModified": 1681028828,
        "narHash": "sha256-Vy1rq5AaRuLzOxct8nz4T6wlgyUR7zLU309k9mBC768=",
        "owner": "nix-systems",
        "repo": "default",
        "rev": "da67096a3b9bf56a91d16901293e51ba5b49a27e",
        "type": "github"
      },
      "original": {
        "owner": "nix-systems",
        "repo": "default",
        "type": "github"
      }
    },
    "tabular-center-fmt": {
      "inputs": {
        "flake-utils": [
          "flake-utils"
        ],
        "nixpkgs": [
          "nixpkgs"
        ],
        "rust-overlay": [
          "rust-overlay"
        ]
      },
      "locked": {
        "path": "./tabular-center-fmt",
        "type": "path"
      },
      "original": {
        "path": "./tabular-center-fmt",
        "type": "path"
      },
      "parent": []
    },
    "tabular-center-kotlin": {
      "inputs": {
        "flake-utils": [
          "flake-utils"
        ],
        "nixpkgs": [
          "nixpkgs"
        ]
      },
      "locked": {
        "path": "./tabular-center-kotlin",
        "type": "path"
      },
      "original": {
        "path": "./tabular-center-kotlin",
        "type": "path"
      },
      "parent": []
    },
    "tabular-center-rust": {
      "inputs": {
        "flake-utils": [
          "flake-utils"
        ],
        "nixpkgs": [
          "nixpkgs"
        ],
        "rust-overlay": [
          "rust-overlay"
        ]
      },
      "locked": {
        "path": "./tabular-center-rust",
        "type": "path"
      },
      "original": {
        "path": "./tabular-center-rust",
        "type": "path"
      },
      "parent": []
    },
    "tabular-center-swift": {
      "inputs": {
        "flake-utils": [
          "flake-utils"
        ],
        "nixpkgs": [
          "nixpkgs"
        ],
        "nixpkgs-swift": [
          "nixpkgs-swift"
        ]
      },
      "locked": {
        "path": "./tabular-center-swift",
        "type": "path"
      },
      "original": {
        "path": "./tabular-center-swift",
        "type": "path"
      },
      "parent": []
    }
  },
  "root": "root",
  "version": 7
}
