# This file is automatically @generated by Cargo.
# It is not intended for manual editing.
version = 3

[[package]]
name = "login"
version = "0.0.1"
dependencies = [
 "tabular-center",
]

[[package]]
name = "retry"
version = "0.0.1"
dependencies = [
 "tabular-center",
]

[[package]]
name = "tabular-center"
version = "0.1.5"

[[package]]
name = "timer"
version = "0.0.1"
dependencies = [
 "tabular-center",
]

[[package]]
name = "traffic-light"
version = "0.0.1"
dependencies = [
 "tabular-center",
]
